{
    "version": 3,
    "terraform_version": "0.11.10",
    "serial": 3,
    "lineage": "8b54c35b-edae-13a5-1785-89bc549e5705",
    "modules": [
        {
            "path": [
                "root"
            ],
            "outputs": {},
            "resources": {
                "aws_instance.web": {
                    "type": "aws_instance",
                    "depends_on": [],
                    "primary": {
                        "id": "i-03c6b491aea796946",
                        "attributes": {
                            "ami": "ami-0735ea082a1534cac",
                            "arn": "arn:aws:ec2:us-east-1:883779709073:instance/i-03c6b491aea796946",
                            "associate_public_ip_address": "true",
                            "availability_zone": "us-east-1c",
                            "cpu_core_count": "2",
                            "cpu_threads_per_core": "1",
                            "credit_specification.#": "1",
                            "credit_specification.0.cpu_credits": "standard",
                            "disable_api_termination": "false",
                            "ebs_block_device.#": "0",
                            "ebs_optimized": "false",
                            "ephemeral_block_device.#": "0",
                            "get_password_data": "false",
                            "iam_instance_profile": "",
                            "id": "i-03c6b491aea796946",
                            "instance_state": "running",
                            "instance_type": "t2.large",
                            "ipv6_addresses.#": "0",
                            "key_name": "",
                            "monitoring": "false",
                            "network_interface.#": "0",
                            "network_interface_id": "eni-05a5dc37ca40082d9",
                            "password_data": "",
                            "placement_group": "",
                            "primary_network_interface_id": "eni-05a5dc37ca40082d9",
                            "private_dns": "ip-172-31-39-175.ec2.internal",
                            "private_ip": "172.31.39.175",
                            "public_dns": "ec2-54-159-78-163.compute-1.amazonaws.com",
                            "public_ip": "54.159.78.163",
                            "root_block_device.#": "1",
                            "root_block_device.0.delete_on_termination": "true",
                            "root_block_device.0.iops": "100",
                            "root_block_device.0.volume_id": "vol-0e7bd0df25739c2b3",
                            "root_block_device.0.volume_size": "8",
                            "root_block_device.0.volume_type": "gp2",
                            "security_groups.#": "1",
                            "security_groups.3814588639": "default",
                            "source_dest_check": "true",
                            "subnet_id": "subnet-1386074f",
                            "tags.%": "1",
                            "tags.Name": "terralab",
                            "tenancy": "default",
                            "volume_tags.%": "0",
                            "vpc_security_group_ids.#": "1",
                            "vpc_security_group_ids.3941490906": "sg-8ee114c2"
                        },
                        "meta": {
                            "e2bfb730-ecaa-11e6-8f88-34363bc7c4c0": {
                                "create": 600000000000,
                                "delete": 1200000000000,
                                "update": 600000000000
                            },
                            "schema_version": "1"
                        },
                        "tainted": false
                    },
                    "deposed": [],
                    "provider": "provider.aws"
                }
            },
            "depends_on": []
        }
    ]
}
